
Microsoft Visual Studio Solution File, Format Version 12.00
# Visual Studio 15
VisualStudioVersion = 15.0.28307.106
MinimumVisualStudioVersion = 10.0.40219.1
Project("{9A19103F-16F7-4668-BE54-9A1E7A4F7556}") = "Web", "Web\Web.csproj", "{3FBFA5C3-A26C-47AD-9697-1C49C1AD1693}"
EndProject
Project("{9A19103F-16F7-4668-BE54-9A1E7A4F7556}") = "DAL", "DAL\DAL.csproj", "{01BA6844-31C1-4DC9-ABEF-6BB4156D0DC2}"
EndProject
Project("{9A19103F-16F7-4668-BE54-9A1E7A4F7556}") = "Core", "Core\Core.csproj", "{6CE6625D-8C36-46D0-941C-F9A8F889BA45}"
EndProject
Project("{9A19103F-16F7-4668-BE54-9A1E7A4F7556}") = "BLL", "BLL\BLL.csproj", "{7654F5BD-D6F2-4FD4-A27E-2E2ADACC91FF}"
EndProject
Global
	GlobalSection(SolutionConfigurationPlatforms) = preSolution
		Debug|Any CPU = Debug|Any CPU
		Release|Any CPU = Release|Any CPU
	EndGlobalSection
	GlobalSection(ProjectConfigurationPlatforms) = postSolution
		{3FBFA5C3-A26C-47AD-9697-1C49C1AD1693}.Debug|Any CPU.ActiveCfg = Debug|Any CPU
		{3FBFA5C3-A26C-47AD-9697-1C49C1AD1693}.Debug|Any CPU.Build.0 = Debug|Any CPU
		{3FBFA5C3-A26C-47AD-9697-1C49C1AD1693}.Release|Any CPU.ActiveCfg = Release|Any CPU
		{3FBFA5C3-A26C-47AD-9697-1C49C1AD1693}.Release|Any CPU.Build.0 = Release|Any CPU
		{01BA6844-31C1-4DC9-ABEF-6BB4156D0DC2}.Debug|Any CPU.ActiveCfg = Debug|Any CPU
		{01BA6844-31C1-4DC9-ABEF-6BB4156D0DC2}.Debug|Any CPU.Build.0 = Debug|Any CPU
		{01BA6844-31C1-4DC9-ABEF-6BB4156D0DC2}.Release|Any CPU.ActiveCfg = Release|Any CPU
		{01BA6844-31C1-4DC9-ABEF-6BB4156D0DC2}.Release|Any CPU.Build.0 = Release|Any CPU
		{6CE6625D-8C36-46D0-941C-F9A8F889BA45}.Debug|Any CPU.ActiveCfg = Debug|Any CPU
		{6CE6625D-8C36-46D0-941C-F9A8F889BA45}.Debug|Any CPU.Build.0 = Debug|Any CPU
		{6CE6625D-8C36-46D0-941C-F9A8F889BA45}.Release|Any CPU.ActiveCfg = Release|Any CPU
		{6CE6625D-8C36-46D0-941C-F9A8F889BA45}.Release|Any CPU.Build.0 = Release|Any CPU
		{7654F5BD-D6F2-4FD4-A27E-2E2ADACC91FF}.Debug|Any CPU.ActiveCfg = Debug|Any CPU
		{7654F5BD-D6F2-4FD4-A27E-2E2ADACC91FF}.Debug|Any CPU.Build.0 = Debug|Any CPU
		{7654F5BD-D6F2-4FD4-A27E-2E2ADACC91FF}.Release|Any CPU.ActiveCfg = Release|Any CPU
		{7654F5BD-D6F2-4FD4-A27E-2E2ADACC91FF}.Release|Any CPU.Build.0 = Release|Any CPU
	EndGlobalSection
	GlobalSection(SolutionProperties) = preSolution
		HideSolutionNode = FALSE
	EndGlobalSection
	GlobalSection(ExtensibilityGlobals) = postSolution
		SolutionGuid = {0BBD6864-FD21-4602-9EB3-9AB0CD7AF68D}
	EndGlobalSection
EndGlobal
